<?xml version="1.0" encoding="utf-8"?>
<Project ToolsVersion="4.0" xmlns="http://schemas.microsoft.com/developer/msbuild/2003">
  <ItemGroup>
    <Filter Include="scene_objects">
      <UniqueIdentifier>{a28c39c1-a2d6-4839-b4be-f88cabcfd6ba}</UniqueIdentifier>
    </Filter>
    <Filter Include="shaders">
      <UniqueIdentifier>{50e90d8a-befd-458c-8555-8be772d85e08}</UniqueIdentifier>
    </Filter>
    <Filter Include="engine">
      <UniqueIdentifier>{2e9f6518-e91f-4d01-8c1e-e0a08ad01eb6}</UniqueIdentifier>
    </Filter>
    <Filter Include="resources">
      <UniqueIdentifier>{67DA6AB6-F800-4c08-8B7A-83BB121AAD01}</UniqueIdentifier>
      <Extensions>rc;ico;cur;bmp;dlg;rc2;rct;bin;rgs;gif;jpg;jpeg;jpe;resx;tiff;tif;png;wav;mfcribbon-ms</Extensions>
    </Filter>
  </ItemGroup>
  <ItemGroup>
    <ClCompile Include="scene_objects\quad.cpp">
      <Filter>scene_objects</Filter>
    </ClCompile>
    <ClCompile Include="main.cpp" />
    <ClCompile Include="engine\app.cpp">
      <Filter>engine</Filter>
    </ClCompile>
    <ClCompile Include="engine\camera_object.cpp">
      <Filter>engine</Filter>
    </ClCompile>
    <ClCompile Include="engine\engine.cpp">
      <Filter>engine</Filter>
    </ClCompile>
    <ClCompile Include="engine\object.cpp">
      <Filter>engine</Filter>
    </ClCompile>
    <ClCompile Include="engine\render_state.cpp">
      <Filter>engine</Filter>
    </ClCompile>
    <ClCompile Include="engine\resource.cpp">
      <Filter>engine</Filter>
    </ClCompile>
    <ClCompile Include="engine\scene_object.cpp">
      <Filter>engine</Filter>
    </ClCompile>
    <ClCompile Include="engine\shader.cpp">
      <Filter>engine</Filter>
    </ClCompile>
    <ClCompile Include="engine\utils.cpp">
      <Filter>engine</Filter>
    </ClCompile>
    <ClCompile Include="engine\input.cpp">
      <Filter>engine</Filter>
    </ClCompile>
    <ClCompile Include="scene_objects\particle_system.cpp">
      <Filter>scene_objects</Filter>
    </ClCompile>
  </ItemGroup>
  <ItemGroup>
    <ClInclude Include="scene_objects\quad.h">
      <Filter>scene_objects</Filter>
    </ClInclude>
    <ClInclude Include="engine\app.h">
      <Filter>engine</Filter>
    </ClInclude>
    <ClInclude Include="engine\camera_object.h">
      <Filter>engine</Filter>
    </ClInclude>
    <ClInclude Include="engine\engine.h">
      <Filter>engine</Filter>
    </ClInclude>
    <ClInclude Include="engine\object.h">
      <Filter>engine</Filter>
    </ClInclude>
    <ClInclude Include="engine\render_state.h">
      <Filter>engine</Filter>
    </ClInclude>
    <ClInclude Include="engine\resource.h">
      <Filter>engine</Filter>
    </ClInclude>
    <ClInclude Include="engine\scene_object.h">
      <Filter>engine</Filter>
    </ClInclude>
    <ClInclude Include="engine\shader.h">
      <Filter>engine</Filter>
    </ClInclude>
    <ClInclude Include="engine\utils.h">
      <Filter>engine</Filter>
    </ClInclude>
    <ClInclude Include="engine\input.h">
      <Filter>engine</Filter>
    </ClInclude>
    <ClInclude Include="scene_objects\particle_system.h">
      <Filter>scene_objects</Filter>
    </ClInclude>
  </ItemGroup>
  <ItemGroup>
    <FxCompile Include="shaders\quad_ps.hlsl">
      <Filter>shaders</Filter>
    </FxCompile>
    <FxCompile Include="shaders\quad_vs.hlsl">
      <Filter>shaders</Filter>
    </FxCompile>
    <FxCompile Include="shaders\quad_ds.hlsl">
      <Filter>shaders</Filter>
    </FxCompile>
    <FxCompile Include="shaders\quad_hs.hlsl">
      <Filter>shaders</Filter>
    </FxCompile>
    <FxCompile Include="shaders\quad_cs.hlsl">
      <Filter>shaders</Filter>
    </FxCompile>
    <FxCompile Include="shaders\particle_system_ps.hlsl">
      <Filter>shaders</Filter>
    </FxCompile>
    <FxCompile Include="shaders\particle_system_vs.hlsl">
      <Filter>shaders</Filter>
    </FxCompile>
  </ItemGroup>
  <ItemGroup>
    <Image Include="resources\madoka.DDS">
      <Filter>resources</Filter>
    </Image>
  </ItemGroup>
</Project>